
Microsoft Visual Studio Solution File, Format Version 12.00
# Visual Studio Version 16
VisualStudioVersion = 16.0.29911.84
MinimumVisualStudioVersion = 10.0.40219.1
Project("{8BC9CEB8-8B4A-11D0-8D11-00A0C91BC942}") = "Practica1", "Practica1\Practica1.vcxproj", "{08ED197F-CA2E-4528-A022-241E58F8AE9E}"
EndProject
Project("{8BC9CEB8-8B4A-11D0-8D11-00A0C91BC942}") = "Practica2", "Practica2\Practica2.vcxproj", "{9B9451F6-6C1F-497C-9ECE-DA6AABDC5909}"
EndProject
Project("{8BC9CEB8-8B4A-11D0-8D11-00A0C91BC942}") = "Practica2Pendulo", "Practica2Pendulo\Practica2Pendulo.vcxproj", "{B5776B71-3191-4279-90F4-F6FA8FB32BF4}"
EndProject
Project("{8BC9CEB8-8B4A-11D0-8D11-00A0C91BC942}") = "Practica2Primitivas2D", "Practica2Primitivas2D\Practica2Primitivas2D.vcxproj", "{4A6405AD-AFBA-4D8C-AF17-84737F52F185}"
EndProject
Project("{8BC9CEB8-8B4A-11D0-8D11-00A0C91BC942}") = "Practica2DoblePendulo", "Practica2DoblePendulo\Practica2DoblePendulo.vcxproj", "{BFE57FEF-1D13-4BC6-A4A2-8C4B1209AD8F}"
EndProject
Project("{8BC9CEB8-8B4A-11D0-8D11-00A0C91BC942}") = "Practica3", "Practica3\Practica3.vcxproj", "{C2E44DC8-7884-4C17-BC48-9795C0FA2B66}"
EndProject
Project("{8BC9CEB8-8B4A-11D0-8D11-00A0C91BC942}") = "Practica4", "Practica4\Practica4.vcxproj", "{904281AA-895D-4762-BC1C-6754DFFE1DE9}"
EndProject
Project("{8BC9CEB8-8B4A-11D0-8D11-00A0C91BC942}") = "Practica5", "Practica5\Practica5.vcxproj", "{67DB1FA0-1166-45A0-8396-AFAA46A8C7BF}"
EndProject
Project("{8BC9CEB8-8B4A-11D0-8D11-00A0C91BC942}") = "Main", "Main\Main.vcxproj", "{4F12F66E-5857-4854-A242-306FD007BE1D}"
EndProject
Project("{8BC9CEB8-8B4A-11D0-8D11-00A0C91BC942}") = "Practica6", "Practica6\Practica6.vcxproj", "{54706A0C-765D-4BF5-8AB1-13DDE91264D8}"
EndProject
Project("{8BC9CEB8-8B4A-11D0-8D11-00A0C91BC942}") = "Texture2", "Texture2\Texture2.vcxproj", "{AF54E434-83E7-4D2A-8FDF-354577E64272}"
EndProject
Global
	GlobalSection(SolutionConfigurationPlatforms) = preSolution
		Debug|x64 = Debug|x64
		Debug|x86 = Debug|x86
		Release|x64 = Release|x64
		Release|x86 = Release|x86
	EndGlobalSection
	GlobalSection(ProjectConfigurationPlatforms) = postSolution
		{08ED197F-CA2E-4528-A022-241E58F8AE9E}.Debug|x64.ActiveCfg = Debug|x64
		{08ED197F-CA2E-4528-A022-241E58F8AE9E}.Debug|x64.Build.0 = Debug|x64
		{08ED197F-CA2E-4528-A022-241E58F8AE9E}.Debug|x86.ActiveCfg = Debug|Win32
		{08ED197F-CA2E-4528-A022-241E58F8AE9E}.Debug|x86.Build.0 = Debug|Win32
		{08ED197F-CA2E-4528-A022-241E58F8AE9E}.Release|x64.ActiveCfg = Release|x64
		{08ED197F-CA2E-4528-A022-241E58F8AE9E}.Release|x64.Build.0 = Release|x64
		{08ED197F-CA2E-4528-A022-241E58F8AE9E}.Release|x86.ActiveCfg = Release|Win32
		{08ED197F-CA2E-4528-A022-241E58F8AE9E}.Release|x86.Build.0 = Release|Win32
		{9B9451F6-6C1F-497C-9ECE-DA6AABDC5909}.Debug|x64.ActiveCfg = Debug|x64
		{9B9451F6-6C1F-497C-9ECE-DA6AABDC5909}.Debug|x64.Build.0 = Debug|x64
		{9B9451F6-6C1F-497C-9ECE-DA6AABDC5909}.Debug|x86.ActiveCfg = Debug|Win32
		{9B9451F6-6C1F-497C-9ECE-DA6AABDC5909}.Debug|x86.Build.0 = Debug|Win32
		{9B9451F6-6C1F-497C-9ECE-DA6AABDC5909}.Release|x64.ActiveCfg = Release|x64
		{9B9451F6-6C1F-497C-9ECE-DA6AABDC5909}.Release|x64.Build.0 = Release|x64
		{9B9451F6-6C1F-497C-9ECE-DA6AABDC5909}.Release|x86.ActiveCfg = Release|Win32
		{9B9451F6-6C1F-497C-9ECE-DA6AABDC5909}.Release|x86.Build.0 = Release|Win32
		{B5776B71-3191-4279-90F4-F6FA8FB32BF4}.Debug|x64.ActiveCfg = Debug|x64
		{B5776B71-3191-4279-90F4-F6FA8FB32BF4}.Debug|x64.Build.0 = Debug|x64
		{B5776B71-3191-4279-90F4-F6FA8FB32BF4}.Debug|x86.ActiveCfg = Debug|Win32
		{B5776B71-3191-4279-90F4-F6FA8FB32BF4}.Debug|x86.Build.0 = Debug|Win32
		{B5776B71-3191-4279-90F4-F6FA8FB32BF4}.Release|x64.ActiveCfg = Release|x64
		{B5776B71-3191-4279-90F4-F6FA8FB32BF4}.Release|x64.Build.0 = Release|x64
		{B5776B71-3191-4279-90F4-F6FA8FB32BF4}.Release|x86.ActiveCfg = Release|Win32
		{B5776B71-3191-4279-90F4-F6FA8FB32BF4}.Release|x86.Build.0 = Release|Win32
		{4A6405AD-AFBA-4D8C-AF17-84737F52F185}.Debug|x64.ActiveCfg = Debug|x64
		{4A6405AD-AFBA-4D8C-AF17-84737F52F185}.Debug|x64.Build.0 = Debug|x64
		{4A6405AD-AFBA-4D8C-AF17-84737F52F185}.Debug|x86.ActiveCfg = Debug|Win32
		{4A6405AD-AFBA-4D8C-AF17-84737F52F185}.Debug|x86.Build.0 = Debug|Win32
		{4A6405AD-AFBA-4D8C-AF17-84737F52F185}.Release|x64.ActiveCfg = Release|x64
		{4A6405AD-AFBA-4D8C-AF17-84737F52F185}.Release|x64.Build.0 = Release|x64
		{4A6405AD-AFBA-4D8C-AF17-84737F52F185}.Release|x86.ActiveCfg = Release|Win32
		{4A6405AD-AFBA-4D8C-AF17-84737F52F185}.Release|x86.Build.0 = Release|Win32
		{BFE57FEF-1D13-4BC6-A4A2-8C4B1209AD8F}.Debug|x64.ActiveCfg = Debug|x64
		{BFE57FEF-1D13-4BC6-A4A2-8C4B1209AD8F}.Debug|x64.Build.0 = Debug|x64
		{BFE57FEF-1D13-4BC6-A4A2-8C4B1209AD8F}.Debug|x86.ActiveCfg = Debug|Win32
		{BFE57FEF-1D13-4BC6-A4A2-8C4B1209AD8F}.Debug|x86.Build.0 = Debug|Win32
		{BFE57FEF-1D13-4BC6-A4A2-8C4B1209AD8F}.Release|x64.ActiveCfg = Release|x64
		{BFE57FEF-1D13-4BC6-A4A2-8C4B1209AD8F}.Release|x64.Build.0 = Release|x64
		{BFE57FEF-1D13-4BC6-A4A2-8C4B1209AD8F}.Release|x86.ActiveCfg = Release|Win32
		{BFE57FEF-1D13-4BC6-A4A2-8C4B1209AD8F}.Release|x86.Build.0 = Release|Win32
		{C2E44DC8-7884-4C17-BC48-9795C0FA2B66}.Debug|x64.ActiveCfg = Debug|x64
		{C2E44DC8-7884-4C17-BC48-9795C0FA2B66}.Debug|x64.Build.0 = Debug|x64
		{C2E44DC8-7884-4C17-BC48-9795C0FA2B66}.Debug|x86.ActiveCfg = Debug|Win32
		{C2E44DC8-7884-4C17-BC48-9795C0FA2B66}.Debug|x86.Build.0 = Debug|Win32
		{C2E44DC8-7884-4C17-BC48-9795C0FA2B66}.Release|x64.ActiveCfg = Release|x64
		{C2E44DC8-7884-4C17-BC48-9795C0FA2B66}.Release|x64.Build.0 = Release|x64
		{C2E44DC8-7884-4C17-BC48-9795C0FA2B66}.Release|x86.ActiveCfg = Release|Win32
		{C2E44DC8-7884-4C17-BC48-9795C0FA2B66}.Release|x86.Build.0 = Release|Win32
		{904281AA-895D-4762-BC1C-6754DFFE1DE9}.Debug|x64.ActiveCfg = Debug|x64
		{904281AA-895D-4762-BC1C-6754DFFE1DE9}.Debug|x64.Build.0 = Debug|x64
		{904281AA-895D-4762-BC1C-6754DFFE1DE9}.Debug|x86.ActiveCfg = Debug|Win32
		{904281AA-895D-4762-BC1C-6754DFFE1DE9}.Debug|x86.Build.0 = Debug|Win32
		{904281AA-895D-4762-BC1C-6754DFFE1DE9}.Release|x64.ActiveCfg = Release|x64
		{904281AA-895D-4762-BC1C-6754DFFE1DE9}.Release|x64.Build.0 = Release|x64
		{904281AA-895D-4762-BC1C-6754DFFE1DE9}.Release|x86.ActiveCfg = Release|Win32
		{904281AA-895D-4762-BC1C-6754DFFE1DE9}.Release|x86.Build.0 = Release|Win32
		{67DB1FA0-1166-45A0-8396-AFAA46A8C7BF}.Debug|x64.ActiveCfg = Debug|x64
		{67DB1FA0-1166-45A0-8396-AFAA46A8C7BF}.Debug|x64.Build.0 = Debug|x64
		{67DB1FA0-1166-45A0-8396-AFAA46A8C7BF}.Debug|x86.ActiveCfg = Debug|Win32
		{67DB1FA0-1166-45A0-8396-AFAA46A8C7BF}.Debug|x86.Build.0 = Debug|Win32
		{67DB1FA0-1166-45A0-8396-AFAA46A8C7BF}.Release|x64.ActiveCfg = Release|x64
		{67DB1FA0-1166-45A0-8396-AFAA46A8C7BF}.Release|x64.Build.0 = Release|x64
		{67DB1FA0-1166-45A0-8396-AFAA46A8C7BF}.Release|x86.ActiveCfg = Release|Win32
		{67DB1FA0-1166-45A0-8396-AFAA46A8C7BF}.Release|x86.Build.0 = Release|Win32
		{4F12F66E-5857-4854-A242-306FD007BE1D}.Debug|x64.ActiveCfg = Debug|x64
		{4F12F66E-5857-4854-A242-306FD007BE1D}.Debug|x64.Build.0 = Debug|x64
		{4F12F66E-5857-4854-A242-306FD007BE1D}.Debug|x86.ActiveCfg = Debug|Win32
		{4F12F66E-5857-4854-A242-306FD007BE1D}.Debug|x86.Build.0 = Debug|Win32
		{4F12F66E-5857-4854-A242-306FD007BE1D}.Release|x64.ActiveCfg = Release|x64
		{4F12F66E-5857-4854-A242-306FD007BE1D}.Release|x64.Build.0 = Release|x64
		{4F12F66E-5857-4854-A242-306FD007BE1D}.Release|x86.ActiveCfg = Release|Win32
		{4F12F66E-5857-4854-A242-306FD007BE1D}.Release|x86.Build.0 = Release|Win32
		{54706A0C-765D-4BF5-8AB1-13DDE91264D8}.Debug|x64.ActiveCfg = Debug|x64
		{54706A0C-765D-4BF5-8AB1-13DDE91264D8}.Debug|x64.Build.0 = Debug|x64
		{54706A0C-765D-4BF5-8AB1-13DDE91264D8}.Debug|x86.ActiveCfg = Debug|Win32
		{54706A0C-765D-4BF5-8AB1-13DDE91264D8}.Debug|x86.Build.0 = Debug|Win32
		{54706A0C-765D-4BF5-8AB1-13DDE91264D8}.Release|x64.ActiveCfg = Release|x64
		{54706A0C-765D-4BF5-8AB1-13DDE91264D8}.Release|x64.Build.0 = Release|x64
		{54706A0C-765D-4BF5-8AB1-13DDE91264D8}.Release|x86.ActiveCfg = Release|Win32
		{54706A0C-765D-4BF5-8AB1-13DDE91264D8}.Release|x86.Build.0 = Release|Win32
		{AF54E434-83E7-4D2A-8FDF-354577E64272}.Debug|x64.ActiveCfg = Debug|x64
		{AF54E434-83E7-4D2A-8FDF-354577E64272}.Debug|x64.Build.0 = Debug|x64
		{AF54E434-83E7-4D2A-8FDF-354577E64272}.Debug|x86.ActiveCfg = Debug|Win32
		{AF54E434-83E7-4D2A-8FDF-354577E64272}.Debug|x86.Build.0 = Debug|Win32
		{AF54E434-83E7-4D2A-8FDF-354577E64272}.Release|x64.ActiveCfg = Release|x64
		{AF54E434-83E7-4D2A-8FDF-354577E64272}.Release|x64.Build.0 = Release|x64
		{AF54E434-83E7-4D2A-8FDF-354577E64272}.Release|x86.ActiveCfg = Release|Win32
		{AF54E434-83E7-4D2A-8FDF-354577E64272}.Release|x86.Build.0 = Release|Win32
	EndGlobalSection
	GlobalSection(SolutionProperties) = preSolution
		HideSolutionNode = FALSE
	EndGlobalSection
	GlobalSection(ExtensibilityGlobals) = postSolution
		SolutionGuid = {D255E2D4-FFE6-4013-9EF2-9568F13C9AB4}
	EndGlobalSection
EndGlobal
