
Microsoft Visual Studio Solution File, Format Version 12.00
# Visual Studio Version 16
VisualStudioVersion = 16.0.29911.84
MinimumVisualStudioVersion = 10.0.40219.1
Project("{8BC9CEB8-8B4A-11D0-8D11-00A0C91BC942}") = "Practica1", "Practica1\Practica1.vcxproj", "{08ED197F-CA2E-4528-A022-241E58F8AE9E}"
EndProject
Project("{8BC9CEB8-8B4A-11D0-8D11-00A0C91BC942}") = "Practica2", "Practica2\Practica2.vcxproj", "{9B9451F6-6C1F-497C-9ECE-DA6AABDC5909}"
EndProject
Project("{8BC9CEB8-8B4A-11D0-8D11-00A0C91BC942}") = "Practica2Pendulo", "Practica2Pendulo\Practica2Pendulo.vcxproj", "{B5776B71-3191-4279-90F4-F6FA8FB32BF4}"
EndProject
Project("{8BC9CEB8-8B4A-11D0-8D11-00A0C91BC942}") = "Practica2Primitivas2D", "Practica2Primitivas2D\Practica2Primitivas2D.vcxproj", "{4A6405AD-AFBA-4D8C-AF17-84737F52F185}"
EndProject
Project("{8BC9CEB8-8B4A-11D0-8D11-00A0C91BC942}") = "Practica2DoblePendulo", "Practica2DoblePendulo\Practica2DoblePendulo.vcxproj", "{BFE57FEF-1D13-4BC6-A4A2-8C4B1209AD8F}"
EndProject
Project("{8BC9CEB8-8B4A-11D0-8D11-00A0C91BC942}") = "Etapa3", "Etapa3\Etapa3.vcxproj", "{7CDDE4DF-3EE4-47D9-8DB6-355947A57E1A}"
EndProject
Global
	GlobalSection(SolutionConfigurationPlatforms) = preSolution
		Debug|x64 = Debug|x64
		Debug|x86 = Debug|x86
		Release|x64 = Release|x64
		Release|x86 = Release|x86
	EndGlobalSection
	GlobalSection(ProjectConfigurationPlatforms) = postSolution
		{08ED197F-CA2E-4528-A022-241E58F8AE9E}.Debug|x64.ActiveCfg = Debug|x64
		{08ED197F-CA2E-4528-A022-241E58F8AE9E}.Debug|x64.Build.0 = Debug|x64
		{08ED197F-CA2E-4528-A022-241E58F8AE9E}.Debug|x86.ActiveCfg = Debug|Win32
		{08ED197F-CA2E-4528-A022-241E58F8AE9E}.Debug|x86.Build.0 = Debug|Win32
		{08ED197F-CA2E-4528-A022-241E58F8AE9E}.Release|x64.ActiveCfg = Release|x64
		{08ED197F-CA2E-4528-A022-241E58F8AE9E}.Release|x64.Build.0 = Release|x64
		{08ED197F-CA2E-4528-A022-241E58F8AE9E}.Release|x86.ActiveCfg = Release|Win32
		{08ED197F-CA2E-4528-A022-241E58F8AE9E}.Release|x86.Build.0 = Release|Win32
		{9B9451F6-6C1F-497C-9ECE-DA6AABDC5909}.Debug|x64.ActiveCfg = Debug|x64
		{9B9451F6-6C1F-497C-9ECE-DA6AABDC5909}.Debug|x64.Build.0 = Debug|x64
		{9B9451F6-6C1F-497C-9ECE-DA6AABDC5909}.Debug|x86.ActiveCfg = Debug|Win32
		{9B9451F6-6C1F-497C-9ECE-DA6AABDC5909}.Debug|x86.Build.0 = Debug|Win32
		{9B9451F6-6C1F-497C-9ECE-DA6AABDC5909}.Release|x64.ActiveCfg = Release|x64
		{9B9451F6-6C1F-497C-9ECE-DA6AABDC5909}.Release|x64.Build.0 = Release|x64
		{9B9451F6-6C1F-497C-9ECE-DA6AABDC5909}.Release|x86.ActiveCfg = Release|Win32
		{9B9451F6-6C1F-497C-9ECE-DA6AABDC5909}.Release|x86.Build.0 = Release|Win32
		{B5776B71-3191-4279-90F4-F6FA8FB32BF4}.Debug|x64.ActiveCfg = Debug|x64
		{B5776B71-3191-4279-90F4-F6FA8FB32BF4}.Debug|x64.Build.0 = Debug|x64
		{B5776B71-3191-4279-90F4-F6FA8FB32BF4}.Debug|x86.ActiveCfg = Debug|Win32
		{B5776B71-3191-4279-90F4-F6FA8FB32BF4}.Debug|x86.Build.0 = Debug|Win32
		{B5776B71-3191-4279-90F4-F6FA8FB32BF4}.Release|x64.ActiveCfg = Release|x64
		{B5776B71-3191-4279-90F4-F6FA8FB32BF4}.Release|x64.Build.0 = Release|x64
		{B5776B71-3191-4279-90F4-F6FA8FB32BF4}.Release|x86.ActiveCfg = Release|Win32
		{B5776B71-3191-4279-90F4-F6FA8FB32BF4}.Release|x86.Build.0 = Release|Win32
		{4A6405AD-AFBA-4D8C-AF17-84737F52F185}.Debug|x64.ActiveCfg = Debug|x64
		{4A6405AD-AFBA-4D8C-AF17-84737F52F185}.Debug|x64.Build.0 = Debug|x64
		{4A6405AD-AFBA-4D8C-AF17-84737F52F185}.Debug|x86.ActiveCfg = Debug|Win32
		{4A6405AD-AFBA-4D8C-AF17-84737F52F185}.Debug|x86.Build.0 = Debug|Win32
		{4A6405AD-AFBA-4D8C-AF17-84737F52F185}.Release|x64.ActiveCfg = Release|x64
		{4A6405AD-AFBA-4D8C-AF17-84737F52F185}.Release|x64.Build.0 = Release|x64
		{4A6405AD-AFBA-4D8C-AF17-84737F52F185}.Release|x86.ActiveCfg = Release|Win32
		{4A6405AD-AFBA-4D8C-AF17-84737F52F185}.Release|x86.Build.0 = Release|Win32
		{BFE57FEF-1D13-4BC6-A4A2-8C4B1209AD8F}.Debug|x64.ActiveCfg = Debug|x64
		{BFE57FEF-1D13-4BC6-A4A2-8C4B1209AD8F}.Debug|x64.Build.0 = Debug|x64
		{BFE57FEF-1D13-4BC6-A4A2-8C4B1209AD8F}.Debug|x86.ActiveCfg = Debug|Win32
		{BFE57FEF-1D13-4BC6-A4A2-8C4B1209AD8F}.Debug|x86.Build.0 = Debug|Win32
		{BFE57FEF-1D13-4BC6-A4A2-8C4B1209AD8F}.Release|x64.ActiveCfg = Release|x64
		{BFE57FEF-1D13-4BC6-A4A2-8C4B1209AD8F}.Release|x64.Build.0 = Release|x64
		{BFE57FEF-1D13-4BC6-A4A2-8C4B1209AD8F}.Release|x86.ActiveCfg = Release|Win32
		{BFE57FEF-1D13-4BC6-A4A2-8C4B1209AD8F}.Release|x86.Build.0 = Release|Win32
		{7CDDE4DF-3EE4-47D9-8DB6-355947A57E1A}.Debug|x64.ActiveCfg = Debug|x64
		{7CDDE4DF-3EE4-47D9-8DB6-355947A57E1A}.Debug|x64.Build.0 = Debug|x64
		{7CDDE4DF-3EE4-47D9-8DB6-355947A57E1A}.Debug|x86.ActiveCfg = Debug|Win32
		{7CDDE4DF-3EE4-47D9-8DB6-355947A57E1A}.Debug|x86.Build.0 = Debug|Win32
		{7CDDE4DF-3EE4-47D9-8DB6-355947A57E1A}.Release|x64.ActiveCfg = Release|x64
		{7CDDE4DF-3EE4-47D9-8DB6-355947A57E1A}.Release|x64.Build.0 = Release|x64
		{7CDDE4DF-3EE4-47D9-8DB6-355947A57E1A}.Release|x86.ActiveCfg = Release|Win32
		{7CDDE4DF-3EE4-47D9-8DB6-355947A57E1A}.Release|x86.Build.0 = Release|Win32
	EndGlobalSection
	GlobalSection(SolutionProperties) = preSolution
		HideSolutionNode = FALSE
	EndGlobalSection
	GlobalSection(ExtensibilityGlobals) = postSolution
		SolutionGuid = {D255E2D4-FFE6-4013-9EF2-9568F13C9AB4}
	EndGlobalSection
EndGlobal
